// !$*UTF8*$!
{
	archiveVersion = 1;
	classes = {
	};
	objectVersion = 56;
	objects = {

/* Begin PBXBuildFile section */
		9A0AC5B22BAA357200B16C0D /* Insta_StoriesApp.swift in Sources */ = {isa = PBXBuildFile; fileRef = 9A0AC5B12BAA357200B16C0D /* Insta_StoriesApp.swift */; };
		9A0AC5B42BAA357200B16C0D /* ContentView.swift in Sources */ = {isa = PBXBuildFile; fileRef = 9A0AC5B32BAA357200B16C0D /* ContentView.swift */; };
		9A0AC5B62BAA357300B16C0D /* Assets.xcassets in Resources */ = {isa = PBXBuildFile; fileRef = 9A0AC5B52BAA357300B16C0D /* Assets.xcassets */; };
		9A0AC5B92BAA357300B16C0D /* Preview Assets.xcassets in Resources */ = {isa = PBXBuildFile; fileRef = 9A0AC5B82BAA357300B16C0D /* Preview Assets.xcassets */; };
		9A0AC5C62BAA92CD00B16C0D /* StoryViewModel.swift in Sources */ = {isa = PBXBuildFile; fileRef = 9A0AC5C52BAA92CD00B16C0D /* StoryViewModel.swift */; };
		9AECE0AF2BB895B9007789A7 /* Model.swift in Sources */ = {isa = PBXBuildFile; fileRef = 9AECE0AE2BB895B9007789A7 /* Model.swift */; };
		9AECE0B12BB895CF007789A7 /* ProfileView.swift in Sources */ = {isa = PBXBuildFile; fileRef = 9AECE0B02BB895CF007789A7 /* ProfileView.swift */; };
		9AECE0B32BB895E6007789A7 /* StoryView.swift in Sources */ = {isa = PBXBuildFile; fileRef = 9AECE0B22BB895E6007789A7 /* StoryView.swift */; };
		9AECE0B52BB89607007789A7 /* StoryCardView.swift in Sources */ = {isa = PBXBuildFile; fileRef = 9AECE0B42BB89607007789A7 /* StoryCardView.swift */; };
		9AECE0B72BBB3D72007789A7 /* TopProfileView.swift in Sources */ = {isa = PBXBuildFile; fileRef = 9AECE0B62BBB3D72007789A7 /* TopProfileView.swift */; };
		9AECE0B92BBB7F09007789A7 /* FeedView.swift in Sources */ = {isa = PBXBuildFile; fileRef = 9AECE0B82BBB7F09007789A7 /* FeedView.swift */; };
		9AECE0BB2BBB804F007789A7 /* AddStoryBtn.swift in Sources */ = {isa = PBXBuildFile; fileRef = 9AECE0BA2BBB804F007789A7 /* AddStoryBtn.swift */; };
		9AECE0BD2BBB8129007789A7 /* StoryTopIndicator.swift in Sources */ = {isa = PBXBuildFile; fileRef = 9AECE0BC2BBB8129007789A7 /* StoryTopIndicator.swift */; };
		9AECE0C22BBB8236007789A7 /* MainView.swift in Sources */ = {isa = PBXBuildFile; fileRef = 9AECE0C12BBB8236007789A7 /* MainView.swift */; };
/* End PBXBuildFile section */

/* Begin PBXFileReference section */
		9A0AC5AE2BAA357200B16C0D /* Insta-Stories.app */ = {isa = PBXFileReference; explicitFileType = wrapper.application; includeInIndex = 0; path = "Insta-Stories.app"; sourceTree = BUILT_PRODUCTS_DIR; };
		9A0AC5B12BAA357200B16C0D /* Insta_StoriesApp.swift */ = {isa = PBXFileReference; lastKnownFileType = sourcecode.swift; path = Insta_StoriesApp.swift; sourceTree = "<group>"; };
		9A0AC5B32BAA357200B16C0D /* ContentView.swift */ = {isa = PBXFileReference; lastKnownFileType = sourcecode.swift; path = ContentView.swift; sourceTree = "<group>"; };
		9A0AC5B52BAA357300B16C0D /* Assets.xcassets */ = {isa = PBXFileReference; lastKnownFileType = folder.assetcatalog; path = Assets.xcassets; sourceTree = "<group>"; };
		9A0AC5B82BAA357300B16C0D /* Preview Assets.xcassets */ = {isa = PBXFileReference; lastKnownFileType = folder.assetcatalog; path = "Preview Assets.xcassets"; sourceTree = "<group>"; };
		9A0AC5C52BAA92CD00B16C0D /* StoryViewModel.swift */ = {isa = PBXFileReference; lastKnownFileType = sourcecode.swift; path = StoryViewModel.swift; sourceTree = "<group>"; };
		9AECE0AE2BB895B9007789A7 /* Model.swift */ = {isa = PBXFileReference; fileEncoding = 4; lastKnownFileType = sourcecode.swift; path = Model.swift; sourceTree = "<group>"; };
		9AECE0B02BB895CF007789A7 /* ProfileView.swift */ = {isa = PBXFileReference; lastKnownFileType = sourcecode.swift; path = ProfileView.swift; sourceTree = "<group>"; };
		9AECE0B22BB895E6007789A7 /* StoryView.swift */ = {isa = PBXFileReference; lastKnownFileType = sourcecode.swift; path = StoryView.swift; sourceTree = "<group>"; };
		9AECE0B42BB89607007789A7 /* StoryCardView.swift */ = {isa = PBXFileReference; lastKnownFileType = sourcecode.swift; path = StoryCardView.swift; sourceTree = "<group>"; };
		9AECE0B62BBB3D72007789A7 /* TopProfileView.swift */ = {isa = PBXFileReference; lastKnownFileType = sourcecode.swift; path = TopProfileView.swift; sourceTree = "<group>"; };
		9AECE0B82BBB7F09007789A7 /* FeedView.swift */ = {isa = PBXFileReference; lastKnownFileType = sourcecode.swift; path = FeedView.swift; sourceTree = "<group>"; };
		9AECE0BA2BBB804F007789A7 /* AddStoryBtn.swift */ = {isa = PBXFileReference; lastKnownFileType = sourcecode.swift; path = AddStoryBtn.swift; sourceTree = "<group>"; };
		9AECE0BC2BBB8129007789A7 /* StoryTopIndicator.swift */ = {isa = PBXFileReference; lastKnownFileType = sourcecode.swift; path = StoryTopIndicator.swift; sourceTree = "<group>"; };
		9AECE0C12BBB8236007789A7 /* MainView.swift */ = {isa = PBXFileReference; lastKnownFileType = sourcecode.swift; path = MainView.swift; sourceTree = "<group>"; };
/* End PBXFileReference section */

/* Begin PBXFrameworksBuildPhase section */
		9A0AC5AB2BAA357200B16C0D /* Frameworks */ = {
			isa = PBXFrameworksBuildPhase;
			buildActionMask = 2147483647;
			files = (
			);
			runOnlyForDeploymentPostprocessing = 0;
		};
/* End PBXFrameworksBuildPhase section */

/* Begin PBXGroup section */
		9A0AC5A52BAA357200B16C0D = {
			isa = PBXGroup;
			children = (
				9A0AC5B02BAA357200B16C0D /* Insta-Stories */,
				9A0AC5AF2BAA357200B16C0D /* Products */,
			);
			sourceTree = "<group>";
		};
		9A0AC5AF2BAA357200B16C0D /* Products */ = {
			isa = PBXGroup;
			children = (
				9A0AC5AE2BAA357200B16C0D /* Insta-Stories.app */,
			);
			name = Products;
			sourceTree = "<group>";
		};
		9A0AC5B02BAA357200B16C0D /* Insta-Stories */ = {
			isa = PBXGroup;
			children = (
				9A0AC5B12BAA357200B16C0D /* Insta_StoriesApp.swift */,
				9A0AC5B32BAA357200B16C0D /* ContentView.swift */,
				9AECE0C12BBB8236007789A7 /* MainView.swift */,
				9AECE0C02BBB81DE007789A7 /* ViewModel */,
				9AECE0BF2BBB81D4007789A7 /* Model */,
				9AECE0BE2BBB81AB007789A7 /* Views */,
				9A0AC5B52BAA357300B16C0D /* Assets.xcassets */,
				9A0AC5B72BAA357300B16C0D /* Preview Content */,
			);
			path = "Insta-Stories";
			sourceTree = "<group>";
		};
		9A0AC5B72BAA357300B16C0D /* Preview Content */ = {
			isa = PBXGroup;
			children = (
				9A0AC5B82BAA357300B16C0D /* Preview Assets.xcassets */,
			);
			path = "Preview Content";
			sourceTree = "<group>";
		};
		9AECE0BE2BBB81AB007789A7 /* Views */ = {
			isa = PBXGroup;
			children = (
				9AECE0B42BB89607007789A7 /* StoryCardView.swift */,
				9AECE0B22BB895E6007789A7 /* StoryView.swift */,
				9AECE0B02BB895CF007789A7 /* ProfileView.swift */,
				9AECE0B62BBB3D72007789A7 /* TopProfileView.swift */,
				9AECE0B82BBB7F09007789A7 /* FeedView.swift */,
				9AECE0BA2BBB804F007789A7 /* AddStoryBtn.swift */,
				9AECE0BC2BBB8129007789A7 /* StoryTopIndicator.swift */,
			);
			path = Views;
			sourceTree = "<group>";
		};
		9AECE0BF2BBB81D4007789A7 /* Model */ = {
			isa = PBXGroup;
			children = (
				9AECE0AE2BB895B9007789A7 /* Model.swift */,
			);
			path = Model;
			sourceTree = "<group>";
		};
		9AECE0C02BBB81DE007789A7 /* ViewModel */ = {
			isa = PBXGroup;
			children = (
				9A0AC5C52BAA92CD00B16C0D /* StoryViewModel.swift */,
			);
			path = ViewModel;
			sourceTree = "<group>";
		};
/* End PBXGroup section */

/* Begin PBXNativeTarget section */
		9A0AC5AD2BAA357200B16C0D /* Insta-Stories */ = {
			isa = PBXNativeTarget;
			buildConfigurationList = 9A0AC5BC2BAA357300B16C0D /* Build configuration list for PBXNativeTarget "Insta-Stories" */;
			buildPhases = (
				9A0AC5AA2BAA357200B16C0D /* Sources */,
				9A0AC5AB2BAA357200B16C0D /* Frameworks */,
				9A0AC5AC2BAA357200B16C0D /* Resources */,
			);
			buildRules = (
			);
			dependencies = (
			);
			name = "Insta-Stories";
			productName = "Insta-Stories";
			productReference = 9A0AC5AE2BAA357200B16C0D /* Insta-Stories.app */;
			productType = "com.apple.product-type.application";
		};
/* End PBXNativeTarget section */

/* Begin PBXProject section */
		9A0AC5A62BAA357200B16C0D /* Project object */ = {
			isa = PBXProject;
			attributes = {
				BuildIndependentTargetsInParallel = 1;
				LastSwiftUpdateCheck = 1520;
				LastUpgradeCheck = 1520;
				TargetAttributes = {
					9A0AC5AD2BAA357200B16C0D = {
						CreatedOnToolsVersion = 15.2;
					};
				};
			};
			buildConfigurationList = 9A0AC5A92BAA357200B16C0D /* Build configuration list for PBXProject "Insta-Stories" */;
			compatibilityVersion = "Xcode 14.0";
			developmentRegion = en;
			hasScannedForEncodings = 0;
			knownRegions = (
				en,
				Base,
			);
			mainGroup = 9A0AC5A52BAA357200B16C0D;
			productRefGroup = 9A0AC5AF2BAA357200B16C0D /* Products */;
			projectDirPath = "";
			projectRoot = "";
			targets = (
				9A0AC5AD2BAA357200B16C0D /* Insta-Stories */,
			);
		};
/* End PBXProject section */

/* Begin PBXResourcesBuildPhase section */
		9A0AC5AC2BAA357200B16C0D /* Resources */ = {
			isa = PBXResourcesBuildPhase;
			buildActionMask = 2147483647;
			files = (
				9A0AC5B92BAA357300B16C0D /* Preview Assets.xcassets in Resources */,
				9A0AC5B62BAA357300B16C0D /* Assets.xcassets in Resources */,
			);
			runOnlyForDeploymentPostprocessing = 0;
		};
/* End PBXResourcesBuildPhase section */

/* Begin PBXSourcesBuildPhase section */
		9A0AC5AA2BAA357200B16C0D /* Sources */ = {
			isa = PBXSourcesBuildPhase;
			buildActionMask = 2147483647;
			files = (
				9AECE0B32BB895E6007789A7 /* StoryView.swift in Sources */,
				9AECE0C22BBB8236007789A7 /* MainView.swift in Sources */,
				9AECE0B92BBB7F09007789A7 /* FeedView.swift in Sources */,
				9A0AC5C62BAA92CD00B16C0D /* StoryViewModel.swift in Sources */,
				9A0AC5B42BAA357200B16C0D /* ContentView.swift in Sources */,
				9AECE0B12BB895CF007789A7 /* ProfileView.swift in Sources */,
				9A0AC5B22BAA357200B16C0D /* Insta_StoriesApp.swift in Sources */,
				9AECE0BB2BBB804F007789A7 /* AddStoryBtn.swift in Sources */,
				9AECE0AF2BB895B9007789A7 /* Model.swift in Sources */,
				9AECE0B72BBB3D72007789A7 /* TopProfileView.swift in Sources */,
				9AECE0B52BB89607007789A7 /* StoryCardView.swift in Sources */,
				9AECE0BD2BBB8129007789A7 /* StoryTopIndicator.swift in Sources */,
			);
			runOnlyForDeploymentPostprocessing = 0;
		};
/* End PBXSourcesBuildPhase section */

/* Begin XCBuildConfiguration section */
		9A0AC5BA2BAA357300B16C0D /* Debug */ = {
			isa = XCBuildConfiguration;
			buildSettings = {
				ALWAYS_SEARCH_USER_PATHS = NO;
				ASSETCATALOG_COMPILER_GENERATE_SWIFT_ASSET_SYMBOL_EXTENSIONS = YES;
				CLANG_ANALYZER_NONNULL = YES;
				CLANG_ANALYZER_NUMBER_OBJECT_CONVERSION = YES_AGGRESSIVE;
				CLANG_CXX_LANGUAGE_STANDARD = "gnu++20";
				CLANG_ENABLE_MODULES = YES;
				CLANG_ENABLE_OBJC_ARC = YES;
				CLANG_ENABLE_OBJC_WEAK = YES;
				CLANG_WARN_BLOCK_CAPTURE_AUTORELEASING = YES;
				CLANG_WARN_BOOL_CONVERSION = YES;
				CLANG_WARN_COMMA = YES;
				CLANG_WARN_CONSTANT_CONVERSION = YES;
				CLANG_WARN_DEPRECATED_OBJC_IMPLEMENTATIONS = YES;
				CLANG_WARN_DIRECT_OBJC_ISA_USAGE = YES_ERROR;
				CLANG_WARN_DOCUMENTATION_COMMENTS = YES;
				CLANG_WARN_EMPTY_BODY = YES;
				CLANG_WARN_ENUM_CONVERSION = YES;
				CLANG_WARN_INFINITE_RECURSION = YES;
				CLANG_WARN_INT_CONVERSION = YES;
				CLANG_WARN_NON_LITERAL_NULL_CONVERSION = YES;
				CLANG_WARN_OBJC_IMPLICIT_RETAIN_SELF = YES;
				CLANG_WARN_OBJC_LITERAL_CONVERSION = YES;
				CLANG_WARN_OBJC_ROOT_CLASS = YES_ERROR;
				CLANG_WARN_QUOTED_INCLUDE_IN_FRAMEWORK_HEADER = YES;
				CLANG_WARN_RANGE_LOOP_ANALYSIS = YES;
				CLANG_WARN_STRICT_PROTOTYPES = YES;
				CLANG_WARN_SUSPICIOUS_MOVE = YES;
				CLANG_WARN_UNGUARDED_AVAILABILITY = YES_AGGRESSIVE;
				CLANG_WARN_UNREACHABLE_CODE = YES;
				CLANG_WARN__DUPLICATE_METHOD_MATCH = YES;
				COPY_PHASE_STRIP = NO;
				DEBUG_INFORMATION_FORMAT = dwarf;
				ENABLE_STRICT_OBJC_MSGSEND = YES;
				ENABLE_TESTABILITY = YES;
				ENABLE_USER_SCRIPT_SANDBOXING = YES;
				GCC_C_LANGUAGE_STANDARD = gnu17;
				GCC_DYNAMIC_NO_PIC = NO;
				GCC_NO_COMMON_BLOCKS = YES;
				GCC_OPTIMIZATION_LEVEL = 0;
				GCC_PREPROCESSOR_DEFINITIONS = (
					"DEBUG=1",
					"$(inherited)",
				);
				GCC_WARN_64_TO_32_BIT_CONVERSION = YES;
				GCC_WARN_ABOUT_RETURN_TYPE = YES_ERROR;
				GCC_WARN_UNDECLARED_SELECTOR = YES;
				GCC_WARN_UNINITIALIZED_AUTOS = YES_AGGRESSIVE;
				GCC_WARN_UNUSED_FUNCTION = YES;
				GCC_WARN_UNUSED_VARIABLE = YES;
				IPHONEOS_DEPLOYMENT_TARGET = 17.2;
				LOCALIZATION_PREFERS_STRING_CATALOGS = YES;
				MTL_ENABLE_DEBUG_INFO = INCLUDE_SOURCE;
				MTL_FAST_MATH = YES;
				ONLY_ACTIVE_ARCH = YES;
				SDKROOT = iphoneos;
				SWIFT_ACTIVE_COMPILATION_CONDITIONS = "DEBUG $(inherited)";
				SWIFT_OPTIMIZATION_LEVEL = "-Onone";
			};
			name = Debug;
		};
		9A0AC5BB2BAA357300B16C0D /* Release */ = {
			isa = XCBuildConfiguration;
			buildSettings = {
				ALWAYS_SEARCH_USER_PATHS = NO;
				ASSETCATALOG_COMPILER_GENERATE_SWIFT_ASSET_SYMBOL_EXTENSIONS = YES;
				CLANG_ANALYZER_NONNULL = YES;
				CLANG_ANALYZER_NUMBER_OBJECT_CONVERSION = YES_AGGRESSIVE;
				CLANG_CXX_LANGUAGE_STANDARD = "gnu++20";
				CLANG_ENABLE_MODULES = YES;
				CLANG_ENABLE_OBJC_ARC = YES;
				CLANG_ENABLE_OBJC_WEAK = YES;
				CLANG_WARN_BLOCK_CAPTURE_AUTORELEASING = YES;
				CLANG_WARN_BOOL_CONVERSION = YES;
				CLANG_WARN_COMMA = YES;
				CLANG_WARN_CONSTANT_CONVERSION = YES;
				CLANG_WARN_DEPRECATED_OBJC_IMPLEMENTATIONS = YES;
				CLANG_WARN_DIRECT_OBJC_ISA_USAGE = YES_ERROR;
				CLANG_WARN_DOCUMENTATION_COMMENTS = YES;
				CLANG_WARN_EMPTY_BODY = YES;
				CLANG_WARN_ENUM_CONVERSION = YES;
				CLANG_WARN_INFINITE_RECURSION = YES;
				CLANG_WARN_INT_CONVERSION = YES;
				CLANG_WARN_NON_LITERAL_NULL_CONVERSION = YES;
				CLANG_WARN_OBJC_IMPLICIT_RETAIN_SELF = YES;
				CLANG_WARN_OBJC_LITERAL_CONVERSION = YES;
				CLANG_WARN_OBJC_ROOT_CLASS = YES_ERROR;
				CLANG_WARN_QUOTED_INCLUDE_IN_FRAMEWORK_HEADER = YES;
				CLANG_WARN_RANGE_LOOP_ANALYSIS = YES;
				CLANG_WARN_STRICT_PROTOTYPES = YES;
				CLANG_WARN_SUSPICIOUS_MOVE = YES;
				CLANG_WARN_UNGUARDED_AVAILABILITY = YES_AGGRESSIVE;
				CLANG_WARN_UNREACHABLE_CODE = YES;
				CLANG_WARN__DUPLICATE_METHOD_MATCH = YES;
				COPY_PHASE_STRIP = NO;
				DEBUG_INFORMATION_FORMAT = "dwarf-with-dsym";
				ENABLE_NS_ASSERTIONS = NO;
				ENABLE_STRICT_OBJC_MSGSEND = YES;
				ENABLE_USER_SCRIPT_SANDBOXING = YES;
				GCC_C_LANGUAGE_STANDARD = gnu17;
				GCC_NO_COMMON_BLOCKS = YES;
				GCC_WARN_64_TO_32_BIT_CONVERSION = YES;
				GCC_WARN_ABOUT_RETURN_TYPE = YES_ERROR;
				GCC_WARN_UNDECLARED_SELECTOR = YES;
				GCC_WARN_UNINITIALIZED_AUTOS = YES_AGGRESSIVE;
				GCC_WARN_UNUSED_FUNCTION = YES;
				GCC_WARN_UNUSED_VARIABLE = YES;
				IPHONEOS_DEPLOYMENT_TARGET = 17.2;
				LOCALIZATION_PREFERS_STRING_CATALOGS = YES;
				MTL_ENABLE_DEBUG_INFO = NO;
				MTL_FAST_MATH = YES;
				SDKROOT = iphoneos;
				SWIFT_COMPILATION_MODE = wholemodule;
				VALIDATE_PRODUCT = YES;
			};
			name = Release;
		};
		9A0AC5BD2BAA357300B16C0D /* Debug */ = {
			isa = XCBuildConfiguration;
			buildSettings = {
				ASSETCATALOG_COMPILER_APPICON_NAME = AppIcon;
				ASSETCATALOG_COMPILER_GLOBAL_ACCENT_COLOR_NAME = AccentColor;
				CODE_SIGN_STYLE = Automatic;
				CURRENT_PROJECT_VERSION = 1;
				DEVELOPMENT_ASSET_PATHS = "\"Insta-Stories/Preview Content\"";
				DEVELOPMENT_TEAM = 2972HQU7FK;
				ENABLE_PREVIEWS = YES;
				GENERATE_INFOPLIST_FILE = YES;
				INFOPLIST_KEY_UIApplicationSceneManifest_Generation = YES;
				INFOPLIST_KEY_UIApplicationSupportsIndirectInputEvents = YES;
				INFOPLIST_KEY_UILaunchScreen_Generation = YES;
				INFOPLIST_KEY_UISupportedInterfaceOrientations_iPad = "UIInterfaceOrientationPortrait UIInterfaceOrientationPortraitUpsideDown UIInterfaceOrientationLandscapeLeft UIInterfaceOrientationLandscapeRight";
				INFOPLIST_KEY_UISupportedInterfaceOrientations_iPhone = "UIInterfaceOrientationPortrait UIInterfaceOrientationLandscapeLeft UIInterfaceOrientationLandscapeRight";
				LD_RUNPATH_SEARCH_PATHS = (
					"$(inherited)",
					"@executable_path/Frameworks",
				);
				MARKETING_VERSION = 1.0;
				PRODUCT_BUNDLE_IDENTIFIER = "com.stories.Insta-Stories";
				PRODUCT_NAME = "$(TARGET_NAME)";
				SWIFT_EMIT_LOC_STRINGS = YES;
				SWIFT_VERSION = 5.0;
				TARGETED_DEVICE_FAMILY = "1,2";
			};
			name = Debug;
		};
		9A0AC5BE2BAA357300B16C0D /* Release */ = {
			isa = XCBuildConfiguration;
			buildSettings = {
				ASSETCATALOG_COMPILER_APPICON_NAME = AppIcon;
				ASSETCATALOG_COMPILER_GLOBAL_ACCENT_COLOR_NAME = AccentColor;
				CODE_SIGN_STYLE = Automatic;
				CURRENT_PROJECT_VERSION = 1;
				DEVELOPMENT_ASSET_PATHS = "\"Insta-Stories/Preview Content\"";
				DEVELOPMENT_TEAM = 2972HQU7FK;
				ENABLE_PREVIEWS = YES;
				GENERATE_INFOPLIST_FILE = YES;
				INFOPLIST_KEY_UIApplicationSceneManifest_Generation = YES;
				INFOPLIST_KEY_UIApplicationSupportsIndirectInputEvents = YES;
				INFOPLIST_KEY_UILaunchScreen_Generation = YES;
				INFOPLIST_KEY_UISupportedInterfaceOrientations_iPad = "UIInterfaceOrientationPortrait UIInterfaceOrientationPortraitUpsideDown UIInterfaceOrientationLandscapeLeft UIInterfaceOrientationLandscapeRight";
				INFOPLIST_KEY_UISupportedInterfaceOrientations_iPhone = "UIInterfaceOrientationPortrait UIInterfaceOrientationLandscapeLeft UIInterfaceOrientationLandscapeRight";
				LD_RUNPATH_SEARCH_PATHS = (
					"$(inherited)",
					"@executable_path/Frameworks",
				);
				MARKETING_VERSION = 1.0;
				PRODUCT_BUNDLE_IDENTIFIER = "com.stories.Insta-Stories";
				PRODUCT_NAME = "$(TARGET_NAME)";
				SWIFT_EMIT_LOC_STRINGS = YES;
				SWIFT_VERSION = 5.0;
				TARGETED_DEVICE_FAMILY = "1,2";
			};
			name = Release;
		};
/* End XCBuildConfiguration section */

/* Begin XCConfigurationList section */
		9A0AC5A92BAA357200B16C0D /* Build configuration list for PBXProject "Insta-Stories" */ = {
			isa = XCConfigurationList;
			buildConfigurations = (
				9A0AC5BA2BAA357300B16C0D /* Debug */,
				9A0AC5BB2BAA357300B16C0D /* Release */,
			);
			defaultConfigurationIsVisible = 0;
			defaultConfigurationName = Release;
		};
		9A0AC5BC2BAA357300B16C0D /* Build configuration list for PBXNativeTarget "Insta-Stories" */ = {
			isa = XCConfigurationList;
			buildConfigurations = (
				9A0AC5BD2BAA357300B16C0D /* Debug */,
				9A0AC5BE2BAA357300B16C0D /* Release */,
			);
			defaultConfigurationIsVisible = 0;
			defaultConfigurationName = Release;
		};
/* End XCConfigurationList section */
	};
	rootObject = 9A0AC5A62BAA357200B16C0D /* Project object */;
}
